
Microsoft Visual Studio Solution File, Format Version 12.00
Project("{FAE04EC0-301F-11D3-BF4B-00C04F79EFBC}") = "crypto", "crypto\crypto.csproj", "{C94326A0-E1A0-4A3B-917B-D097AD20DBD0}"
EndProject
Project("{FAE04EC0-301F-11D3-BF4B-00C04F79EFBC}") = "test", "test\test.csproj", "{73E00BB9-737B-4CA9-8D31-A3FBE9D1AEEB}"
EndProject
Project("{FAE04EC0-301F-11D3-BF4B-00C04F79EFBC}") = "lab4", "lab4\lab4.csproj", "{CBDAE736-B1EB-4B52-B8E0-64342141225F}"
EndProject
Project("{FAE04EC0-301F-11D3-BF4B-00C04F79EFBC}") = "lab5", "lab5\lab5.csproj", "{6709E4C7-27B1-4E2C-82EF-69E5B4935305}"
EndProject
Project("{FAE04EC0-301F-11D3-BF4B-00C04F79EFBC}") = "graph-coloring", "graph-coloring\graph-coloring.csproj", "{B4C20A87-E82C-4EBC-BE3C-F00A3AE4F894}"
EndProject
Global
	GlobalSection(SolutionConfigurationPlatforms) = preSolution
		Debug|Any CPU = Debug|Any CPU
		Release|Any CPU = Release|Any CPU
	EndGlobalSection
	GlobalSection(ProjectConfigurationPlatforms) = postSolution
		{C94326A0-E1A0-4A3B-917B-D097AD20DBD0}.Debug|Any CPU.ActiveCfg = Debug|Any CPU
		{C94326A0-E1A0-4A3B-917B-D097AD20DBD0}.Debug|Any CPU.Build.0 = Debug|Any CPU
		{C94326A0-E1A0-4A3B-917B-D097AD20DBD0}.Release|Any CPU.ActiveCfg = Release|Any CPU
		{C94326A0-E1A0-4A3B-917B-D097AD20DBD0}.Release|Any CPU.Build.0 = Release|Any CPU
		{73E00BB9-737B-4CA9-8D31-A3FBE9D1AEEB}.Debug|Any CPU.ActiveCfg = Debug|Any CPU
		{73E00BB9-737B-4CA9-8D31-A3FBE9D1AEEB}.Debug|Any CPU.Build.0 = Debug|Any CPU
		{73E00BB9-737B-4CA9-8D31-A3FBE9D1AEEB}.Release|Any CPU.ActiveCfg = Release|Any CPU
		{73E00BB9-737B-4CA9-8D31-A3FBE9D1AEEB}.Release|Any CPU.Build.0 = Release|Any CPU
		{CBDAE736-B1EB-4B52-B8E0-64342141225F}.Debug|Any CPU.ActiveCfg = Debug|Any CPU
		{CBDAE736-B1EB-4B52-B8E0-64342141225F}.Debug|Any CPU.Build.0 = Debug|Any CPU
		{CBDAE736-B1EB-4B52-B8E0-64342141225F}.Release|Any CPU.ActiveCfg = Release|Any CPU
		{CBDAE736-B1EB-4B52-B8E0-64342141225F}.Release|Any CPU.Build.0 = Release|Any CPU
		{6709E4C7-27B1-4E2C-82EF-69E5B4935305}.Debug|Any CPU.ActiveCfg = Debug|Any CPU
		{6709E4C7-27B1-4E2C-82EF-69E5B4935305}.Debug|Any CPU.Build.0 = Debug|Any CPU
		{6709E4C7-27B1-4E2C-82EF-69E5B4935305}.Release|Any CPU.ActiveCfg = Release|Any CPU
		{6709E4C7-27B1-4E2C-82EF-69E5B4935305}.Release|Any CPU.Build.0 = Release|Any CPU
		{B4C20A87-E82C-4EBC-BE3C-F00A3AE4F894}.Debug|Any CPU.ActiveCfg = Debug|Any CPU
		{B4C20A87-E82C-4EBC-BE3C-F00A3AE4F894}.Debug|Any CPU.Build.0 = Debug|Any CPU
		{B4C20A87-E82C-4EBC-BE3C-F00A3AE4F894}.Release|Any CPU.ActiveCfg = Release|Any CPU
		{B4C20A87-E82C-4EBC-BE3C-F00A3AE4F894}.Release|Any CPU.Build.0 = Release|Any CPU
	EndGlobalSection
EndGlobal
